
Microsoft Visual Studio Solution File, Format Version 12.00
# Visual Studio Version 17
VisualStudioVersion = 17.14.36202.13 d17.14
MinimumVisualStudioVersion = 10.0.40219.1
Project("{FAE04EC0-301F-11D3-BF4B-00C04F79EFBC}") = "CadastroCliente", "CadastroCliente\CadastroCliente.csproj", "{9B084791-5A96-4D3D-94D4-EEC364F027A3}"
EndProject
Global
	GlobalSection(SolutionConfigurationPlatforms) = preSolution
		Debug|Any CPU = Debug|Any CPU
		Release|Any CPU = Release|Any CPU
	EndGlobalSection
	GlobalSection(ProjectConfigurationPlatforms) = postSolution
		{9B084791-5A96-4D3D-94D4-EEC364F027A3}.Debug|Any CPU.ActiveCfg = Debug|Any CPU
		{9B084791-5A96-4D3D-94D4-EEC364F027A3}.Debug|Any CPU.Build.0 = Debug|Any CPU
		{9B084791-5A96-4D3D-94D4-EEC364F027A3}.Release|Any CPU.ActiveCfg = Release|Any CPU
		{9B084791-5A96-4D3D-94D4-EEC364F027A3}.Release|Any CPU.Build.0 = Release|Any CPU
	EndGlobalSection
	GlobalSection(SolutionProperties) = preSolution
		HideSolutionNode = FALSE
	EndGlobalSection
	GlobalSection(ExtensibilityGlobals) = postSolution
		SolutionGuid = {BEAD2F55-5500-4A02-8326-5FAA0ECC0361}
	EndGlobalSection
EndGlobal
